{
  "name": "hl7v2",
  "lockfileVersion": 2,
  "requires": true,
  "packages": {
    "": {
      "dependencies": {
        "hl7v2": "^0.14.0"
      }
    },
    "node_modules/errorex": {
      "version": "2.3.2",
      "resolved": "https://registry.npmjs.org/errorex/-/errorex-2.3.2.tgz",
      "integrity": "sha512-CHhTyQOi/5azvHTf2gjyYPt/HkiZ5ImJx/t6PtRV/BfiWDLa6u/Sr9HmgtgJvjfEVBxQsA/VMqIwSsQ0aGGidg==",
      "dependencies": {
        "putil-merge": "^3.2.0",
        "stackframe": "^1.0.4"
      },
      "engines": {
        "node": ">= 6.0"
      }
    },
    "node_modules/hl7v2": {
      "version": "0.14.0",
      "resolved": "https://registry.npmjs.org/hl7v2/-/hl7v2-0.14.0.tgz",
      "integrity": "sha512-CGQyBOksk9FiUl79Fsn4nGmAUxO7hmxDZZEmQJGre7R4Ob32ItGCg8g1O+cSWhesYo5OqFhe96xYs1bGOLwmHA==",
      "dependencies": {
        "errorex": "^2.3.2",
        "iconv-lite": "^0.6.3",
        "is-typedarray": "^1.0.0",
        "putil-callable": "^1.1.1",
        "putil-waterfall": "^2.1.1"
      },
      "engines": {
        "node": ">=14.0"
      }
    },
    "node_modules/iconv-lite": {
      "version": "0.6.3",
      "resolved": "https://registry.npmjs.org/iconv-lite/-/iconv-lite-0.6.3.tgz",
      "integrity": "sha512-4fCk79wshMdzMp2rH06qWrJE4iolqLhCUH+OiuIgU++RB0+94NlDL81atO7GX55uUKueo0txHNtvEyI6D7WdMw==",
      "dependencies": {
        "safer-buffer": ">= 2.1.2 < 3.0.0"
      },
      "engines": {
        "node": ">=0.10.0"
      }
    },
    "node_modules/is-typedarray": {
      "version": "1.0.0",
      "resolved": "https://registry.npmjs.org/is-typedarray/-/is-typedarray-1.0.0.tgz",
      "integrity": "sha512-cyA56iCMHAh5CdzjJIa4aohJyeO1YbwLi3Jc35MmRU6poroFjIGZzUzupGiRPOjgHg9TLu43xbpwXk523fMxKA=="
    },
    "node_modules/putil-callable": {
      "version": "1.1.2",
      "resolved": "https://registry.npmjs.org/putil-callable/-/putil-callable-1.1.2.tgz",
      "integrity": "sha512-YWjTSaSV0ztEyZXa8HZpkTicfn7ujlWTBNed8Xv0DP2Eg/i/DgehpmXDN5i56o/+RApQZYySIGopDVZhyfXwnw==",
      "engines": {
        "node": ">= 8.0"
      }
    },
    "node_modules/putil-merge": {
      "version": "3.10.3",
      "resolved": "https://registry.npmjs.org/putil-merge/-/putil-merge-3.10.3.tgz",
      "integrity": "sha512-B18CYi0/SmBYl9+fgowYWkgzJM/8XcLSeafHrFrGzwySQuOzLW0sOGx0CdFVp9zqaxgLctexUdGoSPpm6CPM6A==",
      "engines": {
        "node": ">= 10.0"
      }
    },
    "node_modules/putil-promisify": {
      "version": "1.10.1",
      "resolved": "https://registry.npmjs.org/putil-promisify/-/putil-promisify-1.10.1.tgz",
      "integrity": "sha512-1jm0egJNrj5eBDRj15Cg08RNHDV91OVEHeeYjAFRcs663PXxFokndxcJAGbaO6CSErCTp8eTgC8vuOF+fvXIAA==",
      "engines": {
        "node": ">= 14.0"
      }
    },
    "node_modules/putil-waterfall": {
      "version": "2.1.1",
      "resolved": "https://registry.npmjs.org/putil-waterfall/-/putil-waterfall-2.1.1.tgz",
      "integrity": "sha512-GS5xCIbJ59duyZe5Wznp4l1TkHp7WExQ9bJ6SrhEJ8b7UtiBCt/gsKlnNJ+ZUwhNUIE6mn+US03ze+yyRdjSQw==",
      "dependencies": {
        "putil-promisify": "^1.3.0"
      },
      "engines": {
        "node": ">= 6.0"
      }
    },
    "node_modules/safer-buffer": {
      "version": "2.1.2",
      "resolved": "https://registry.npmjs.org/safer-buffer/-/safer-buffer-2.1.2.tgz",
      "integrity": "sha512-YZo3K82SD7Riyi0E1EQPojLz7kpepnSQI9IyPbHHg1XXXevb5dJI7tpyN2ADxGcQbHG7vcyRHk0cbwqcQriUtg=="
    },
    "node_modules/stackframe": {
      "version": "1.3.4",
      "resolved": "https://registry.npmjs.org/stackframe/-/stackframe-1.3.4.tgz",
      "integrity": "sha512-oeVtt7eWQS+Na6F//S4kJ2K2VbRlS9D43mAlMyVpVWovy9o+jfgH8O9agzANzaiLjclA0oYzUXEM4PurhSUChw=="
    }
  },
  "dependencies": {
    "errorex": {
      "version": "2.3.2",
      "resolved": "https://registry.npmjs.org/errorex/-/errorex-2.3.2.tgz",
      "integrity": "sha512-CHhTyQOi/5azvHTf2gjyYPt/HkiZ5ImJx/t6PtRV/BfiWDLa6u/Sr9HmgtgJvjfEVBxQsA/VMqIwSsQ0aGGidg==",
      "requires": {
        "putil-merge": "^3.2.0",
        "stackframe": "^1.0.4"
      }
    },
    "hl7v2": {
      "version": "0.14.0",
      "resolved": "https://registry.npmjs.org/hl7v2/-/hl7v2-0.14.0.tgz",
      "integrity": "sha512-CGQyBOksk9FiUl79Fsn4nGmAUxO7hmxDZZEmQJGre7R4Ob32ItGCg8g1O+cSWhesYo5OqFhe96xYs1bGOLwmHA==",
      "requires": {
        "errorex": "^2.3.2",
        "iconv-lite": "^0.6.3",
        "is-typedarray": "^1.0.0",
        "putil-callable": "^1.1.1",
        "putil-waterfall": "^2.1.1"
      }
    },
    "iconv-lite": {
      "version": "0.6.3",
      "resolved": "https://registry.npmjs.org/iconv-lite/-/iconv-lite-0.6.3.tgz",
      "integrity": "sha512-4fCk79wshMdzMp2rH06qWrJE4iolqLhCUH+OiuIgU++RB0+94NlDL81atO7GX55uUKueo0txHNtvEyI6D7WdMw==",
      "requires": {
        "safer-buffer": ">= 2.1.2 < 3.0.0"
      }
    },
    "is-typedarray": {
      "version": "1.0.0",
      "resolved": "https://registry.npmjs.org/is-typedarray/-/is-typedarray-1.0.0.tgz",
      "integrity": "sha512-cyA56iCMHAh5CdzjJIa4aohJyeO1YbwLi3Jc35MmRU6poroFjIGZzUzupGiRPOjgHg9TLu43xbpwXk523fMxKA=="
    },
    "putil-callable": {
      "version": "1.1.2",
      "resolved": "https://registry.npmjs.org/putil-callable/-/putil-callable-1.1.2.tgz",
      "integrity": "sha512-YWjTSaSV0ztEyZXa8HZpkTicfn7ujlWTBNed8Xv0DP2Eg/i/DgehpmXDN5i56o/+RApQZYySIGopDVZhyfXwnw=="
    },
    "putil-merge": {
      "version": "3.10.3",
      "resolved": "https://registry.npmjs.org/putil-merge/-/putil-merge-3.10.3.tgz",
      "integrity": "sha512-B18CYi0/SmBYl9+fgowYWkgzJM/8XcLSeafHrFrGzwySQuOzLW0sOGx0CdFVp9zqaxgLctexUdGoSPpm6CPM6A=="
    },
    "putil-promisify": {
      "version": "1.10.1",
      "resolved": "https://registry.npmjs.org/putil-promisify/-/putil-promisify-1.10.1.tgz",
      "integrity": "sha512-1jm0egJNrj5eBDRj15Cg08RNHDV91OVEHeeYjAFRcs663PXxFokndxcJAGbaO6CSErCTp8eTgC8vuOF+fvXIAA=="
    },
    "putil-waterfall": {
      "version": "2.1.1",
      "resolved": "https://registry.npmjs.org/putil-waterfall/-/putil-waterfall-2.1.1.tgz",
      "integrity": "sha512-GS5xCIbJ59duyZe5Wznp4l1TkHp7WExQ9bJ6SrhEJ8b7UtiBCt/gsKlnNJ+ZUwhNUIE6mn+US03ze+yyRdjSQw==",
      "requires": {
        "putil-promisify": "^1.3.0"
      }
    },
    "safer-buffer": {
      "version": "2.1.2",
      "resolved": "https://registry.npmjs.org/safer-buffer/-/safer-buffer-2.1.2.tgz",
      "integrity": "sha512-YZo3K82SD7Riyi0E1EQPojLz7kpepnSQI9IyPbHHg1XXXevb5dJI7tpyN2ADxGcQbHG7vcyRHk0cbwqcQriUtg=="
    },
    "stackframe": {
      "version": "1.3.4",
      "resolved": "https://registry.npmjs.org/stackframe/-/stackframe-1.3.4.tgz",
      "integrity": "sha512-oeVtt7eWQS+Na6F//S4kJ2K2VbRlS9D43mAlMyVpVWovy9o+jfgH8O9agzANzaiLjclA0oYzUXEM4PurhSUChw=="
    }
  }
}
